
Microsoft Visual Studio Solution File, Format Version 12.00
# Visual Studio Version 17
VisualStudioVersion = 17.9.34622.214
MinimumVisualStudioVersion = 10.0.40219.1
Project("{FAE04EC0-301F-11D3-BF4B-00C04F79EFBC}") = "mqtt_broker", "mqtt_broker.csproj", "{691C29E5-9C8D-498F-9345-A9FC9B218938}"
EndProject
Global
	GlobalSection(SolutionConfigurationPlatforms) = preSolution
		Debug|Any CPU = Debug|Any CPU
		Release|Any CPU = Release|Any CPU
	EndGlobalSection
	GlobalSection(ProjectConfigurationPlatforms) = postSolution
		{691C29E5-9C8D-498F-9345-A9FC9B218938}.Debug|Any CPU.ActiveCfg = Debug|Any CPU
		{691C29E5-9C8D-498F-9345-A9FC9B218938}.Debug|Any CPU.Build.0 = Debug|Any CPU
		{691C29E5-9C8D-498F-9345-A9FC9B218938}.Release|Any CPU.ActiveCfg = Release|Any CPU
		{691C29E5-9C8D-498F-9345-A9FC9B218938}.Release|Any CPU.Build.0 = Release|Any CPU
	EndGlobalSection
	GlobalSection(SolutionProperties) = preSolution
		HideSolutionNode = FALSE
	EndGlobalSection
	GlobalSection(ExtensibilityGlobals) = postSolution
		SolutionGuid = {96548CA0-E5E0-4296-8B48-987835F1E4DB}
	EndGlobalSection
EndGlobal
